
Microsoft Visual Studio Solution File, Format Version 12.00
Project("{FAE04EC0-301F-11D3-BF4B-00C04F79EFBC}") = "TT2.Host", "TT2.Host\TT2.Host.csproj", "{67B8F04A-2983-4203-B668-F75A86435A64}"
EndProject
Project("{FAE04EC0-301F-11D3-BF4B-00C04F79EFBC}") = "TT2.Engine", "TT2.Engine\TT2.Engine.csproj", "{83DCC822-2BD2-4CD7-9FFE-D917F4809E09}"
EndProject
Project("{FAE04EC0-301F-11D3-BF4B-00C04F79EFBC}") = "TT2.API", "TT2.API\TT2.API.csproj", "{CC1C5365-3476-413F-AB04-AAAC280F1D4B}"
EndProject
Global
	GlobalSection(SolutionConfigurationPlatforms) = preSolution
		Debug|Any CPU = Debug|Any CPU
		Release|Any CPU = Release|Any CPU
	EndGlobalSection
	GlobalSection(ProjectConfigurationPlatforms) = postSolution
		{67B8F04A-2983-4203-B668-F75A86435A64}.Debug|Any CPU.ActiveCfg = Debug|Any CPU
		{67B8F04A-2983-4203-B668-F75A86435A64}.Debug|Any CPU.Build.0 = Debug|Any CPU
		{67B8F04A-2983-4203-B668-F75A86435A64}.Release|Any CPU.ActiveCfg = Release|Any CPU
		{67B8F04A-2983-4203-B668-F75A86435A64}.Release|Any CPU.Build.0 = Release|Any CPU
		{83DCC822-2BD2-4CD7-9FFE-D917F4809E09}.Debug|Any CPU.ActiveCfg = Debug|Any CPU
		{83DCC822-2BD2-4CD7-9FFE-D917F4809E09}.Debug|Any CPU.Build.0 = Debug|Any CPU
		{83DCC822-2BD2-4CD7-9FFE-D917F4809E09}.Release|Any CPU.ActiveCfg = Release|Any CPU
		{83DCC822-2BD2-4CD7-9FFE-D917F4809E09}.Release|Any CPU.Build.0 = Release|Any CPU
		{CC1C5365-3476-413F-AB04-AAAC280F1D4B}.Debug|Any CPU.ActiveCfg = Debug|Any CPU
		{CC1C5365-3476-413F-AB04-AAAC280F1D4B}.Debug|Any CPU.Build.0 = Debug|Any CPU
		{CC1C5365-3476-413F-AB04-AAAC280F1D4B}.Release|Any CPU.ActiveCfg = Release|Any CPU
		{CC1C5365-3476-413F-AB04-AAAC280F1D4B}.Release|Any CPU.Build.0 = Release|Any CPU
	EndGlobalSection
EndGlobal
